github.com/neovim/go-client v1.2.1 h1:kl3PgYgbnBfvaIoGYi3ojyXH0ouY6dJY/rYUCssZKqI=
github.com/neovim/go-client v1.2.1/go.mod h1:EeqCP3z1vJd70JTaH/KXz9RMZ/nIgEFveX83hYnh/7c=
github.com/neovim/go-client v1.2.2-0.20240514170004-863141a115a5 h1:bDKPFxHFy0ApEmtUFFQzbxMGgywlKrpyNJ2opMX4hjc=
github.com/neovim/go-client v1.2.2-0.20240514170004-863141a115a5/go.mod h1:UBsOERb5epbeQT0nyPTZkmUPTffRYBcHvrXXidr1NQQ=
